
Microsoft Visual Studio Solution File, Format Version 12.00
# Visual Studio 15
VisualStudioVersion = 15.0.27130.2036
MinimumVisualStudioVersion = 10.0.40219.1
Project("{888888A0-9F3D-457C-B088-3A5042F75D52}") = "DualNet", "DualNet\DualNet.pyproj", "{853EA2FA-0AB9-4F74-B051-D32EC7845E39}"
EndProject
Global
	GlobalSection(SolutionConfigurationPlatforms) = preSolution
		Debug|Any CPU = Debug|Any CPU
		Release|Any CPU = Release|Any CPU
	EndGlobalSection
	GlobalSection(ProjectConfigurationPlatforms) = postSolution
		{853EA2FA-0AB9-4F74-B051-D32EC7845E39}.Debug|Any CPU.ActiveCfg = Debug|Any CPU
		{853EA2FA-0AB9-4F74-B051-D32EC7845E39}.Release|Any CPU.ActiveCfg = Release|Any CPU
	EndGlobalSection
	GlobalSection(SolutionProperties) = preSolution
		HideSolutionNode = FALSE
	EndGlobalSection
	GlobalSection(ExtensibilityGlobals) = postSolution
		SolutionGuid = {504BA86A-DEE3-43A3-AEF3-A0DFC8C4ECE7}
	EndGlobalSection
EndGlobal
